
Microsoft Visual Studio Solution File, Format Version 12.00
# Visual Studio Version 16
VisualStudioVersion = 16.0.30320.27
MinimumVisualStudioVersion = 10.0.40219.1
Project("{FAE04EC0-301F-11D3-BF4B-00C04F79EFBC}") = "App", "App\App.csproj", "{EE85BA4A-07AB-4DCA-8001-04F8EB6D303B}"
EndProject
Global
	GlobalSection(SolutionConfigurationPlatforms) = preSolution
		Debug|Any CPU = Debug|Any CPU
		Release|Any CPU = Release|Any CPU
	EndGlobalSection
	GlobalSection(ProjectConfigurationPlatforms) = postSolution
		{EE85BA4A-07AB-4DCA-8001-04F8EB6D303B}.Debug|Any CPU.ActiveCfg = Debug|Any CPU
		{EE85BA4A-07AB-4DCA-8001-04F8EB6D303B}.Debug|Any CPU.Build.0 = Debug|Any CPU
		{EE85BA4A-07AB-4DCA-8001-04F8EB6D303B}.Release|Any CPU.ActiveCfg = Release|Any CPU
		{EE85BA4A-07AB-4DCA-8001-04F8EB6D303B}.Release|Any CPU.Build.0 = Release|Any CPU
	EndGlobalSection
	GlobalSection(SolutionProperties) = preSolution
		HideSolutionNode = FALSE
	EndGlobalSection
	GlobalSection(ExtensibilityGlobals) = postSolution
		SolutionGuid = {4EA7C7AF-15DD-4A87-8A30-F501018FB259}
	EndGlobalSection
EndGlobal
